
Microsoft Visual Studio Solution File, Format Version 12.00
# Visual Studio 14
VisualStudioVersion = 14.0.23107.0
MinimumVisualStudioVersion = 10.0.40219.1
Project("{FAE04EC0-301F-11D3-BF4B-00C04F79EFBC}") = "BobbyTest.Console", "BobbyTest.Console\BobbyTest.Console.csproj", "{38C77ACD-4132-4AC4-9A3D-223C7C5C5402}"
EndProject
Global
	GlobalSection(SolutionConfigurationPlatforms) = preSolution
		Debug|Any CPU = Debug|Any CPU
		Release|Any CPU = Release|Any CPU
	EndGlobalSection
	GlobalSection(ProjectConfigurationPlatforms) = postSolution
		{38C77ACD-4132-4AC4-9A3D-223C7C5C5402}.Debug|Any CPU.ActiveCfg = Debug|Any CPU
		{38C77ACD-4132-4AC4-9A3D-223C7C5C5402}.Debug|Any CPU.Build.0 = Debug|Any CPU
		{38C77ACD-4132-4AC4-9A3D-223C7C5C5402}.Release|Any CPU.ActiveCfg = Release|Any CPU
		{38C77ACD-4132-4AC4-9A3D-223C7C5C5402}.Release|Any CPU.Build.0 = Release|Any CPU
	EndGlobalSection
	GlobalSection(SolutionProperties) = preSolution
		HideSolutionNode = FALSE
	EndGlobalSection
EndGlobal
